// !$*UTF8*$!
{
	archiveVersion = 1;
	classes = {
	};
	objectVersion = 55;
	objects = {

/* Begin PBXBuildFile section */
		570DFD392BC9C3D6004F1809 /* ArrayTests.swift in Sources */ = {isa = PBXBuildFile; fileRef = 570DFD382BC9C3D6004F1809 /* ArrayTests.swift */; };
		570DFD3B2BC9C8B6004F1809 /* MoviesLoaderTests.swift in Sources */ = {isa = PBXBuildFile; fileRef = 570DFD3A2BC9C8B6004F1809 /* MoviesLoaderTests.swift */; };
		570DFD3F2BC9CC79004F1809 /* StubNetworkClient.swift in Sources */ = {isa = PBXBuildFile; fileRef = 570DFD3D2BC9CC5E004F1809 /* StubNetworkClient.swift */; };
		571C88042B91269800B28BBA /* YS Display-Medium.ttf in Resources */ = {isa = PBXBuildFile; fileRef = 571C88022B91269800B28BBA /* YS Display-Medium.ttf */; };
		571C88052B91269800B28BBA /* YS Display-Bold.ttf in Resources */ = {isa = PBXBuildFile; fileRef = 571C88032B91269800B28BBA /* YS Display-Bold.ttf */; };
		572C93022BB0CF7C00990925 /* AlertModel.swift in Sources */ = {isa = PBXBuildFile; fileRef = 572C93012BB0CF7C00990925 /* AlertModel.swift */; };
		572C93042BB0CFB900990925 /* AlertPresenter.swift in Sources */ = {isa = PBXBuildFile; fileRef = 572C93032BB0CFB900990925 /* AlertPresenter.swift */; };
		572C93062BB0D04B00990925 /* AlertPresenterDelegate.swift in Sources */ = {isa = PBXBuildFile; fileRef = 572C93052BB0D04B00990925 /* AlertPresenterDelegate.swift */; };
		573FD2832BCC2CBE004D8B0A /* MovieQuizUITests.swift in Sources */ = {isa = PBXBuildFile; fileRef = 573FD2822BCC2CBE004D8B0A /* MovieQuizUITests.swift */; };
		573FD2852BCC2CBE004D8B0A /* MovieQuizUITestsLaunchTests.swift in Sources */ = {isa = PBXBuildFile; fileRef = 573FD2842BCC2CBE004D8B0A /* MovieQuizUITestsLaunchTests.swift */; };
		5746BCBD2BD1CBE7001DA0C6 /* MovieQuizViewControllerMock.swift in Sources */ = {isa = PBXBuildFile; fileRef = 5746BCBC2BD1CBE7001DA0C6 /* MovieQuizViewControllerMock.swift */; };
		5746BCBF2BD1CBF9001DA0C6 /* MovieQuizPresenterTests.swift in Sources */ = {isa = PBXBuildFile; fileRef = 5746BCBE2BD1CBF9001DA0C6 /* MovieQuizPresenterTests.swift */; };
		5746BCC12BD1CC16001DA0C6 /* MovieQuizViewControllerProtocol.swift in Sources */ = {isa = PBXBuildFile; fileRef = 5746BCC02BD1CC16001DA0C6 /* MovieQuizViewControllerProtocol.swift */; };
		57484F8B2BB9D0BD0084F70C /* StatisticService.swift in Sources */ = {isa = PBXBuildFile; fileRef = 57484F8A2BB9D0BD0084F70C /* StatisticService.swift */; };
		57484F8D2BB9D1AB0084F70C /* GameRecord.swift in Sources */ = {isa = PBXBuildFile; fileRef = 57484F8C2BB9D1AB0084F70C /* GameRecord.swift */; };
		57484F8F2BB9D50D0084F70C /* StatisticServiceImplementation.swift in Sources */ = {isa = PBXBuildFile; fileRef = 57484F8E2BB9D50D0084F70C /* StatisticServiceImplementation.swift */; };
		5758A72C2BCDB57900A9BC59 /* MovieQuizPresenter.swift in Sources */ = {isa = PBXBuildFile; fileRef = 5758A72B2BCDB57900A9BC59 /* MovieQuizPresenter.swift */; };
		579BA9BA2BC32DD6004770D3 /* NetworkClient.swift in Sources */ = {isa = PBXBuildFile; fileRef = 579BA9B92BC32DD6004770D3 /* NetworkClient.swift */; };
		579BA9BC2BC33C66004770D3 /* MostPopularMovies.swift in Sources */ = {isa = PBXBuildFile; fileRef = 579BA9BB2BC33C66004770D3 /* MostPopularMovies.swift */; };
		579BA9BE2BC33F11004770D3 /* MoviesLoader.swift in Sources */ = {isa = PBXBuildFile; fileRef = 579BA9BD2BC33F11004770D3 /* MoviesLoader.swift */; };
		57B5B2AB2BC8B0E50096C77D /* MovieQuizTests.swift in Sources */ = {isa = PBXBuildFile; fileRef = 57B5B2AA2BC8B0E50096C77D /* MovieQuizTests.swift */; };
		57E2ACD32BA7464200D7B492 /* QuestionFactory.swift in Sources */ = {isa = PBXBuildFile; fileRef = 57E2ACD22BA7464200D7B492 /* QuestionFactory.swift */; };
		57E2ACD62BA74E6900D7B492 /* QuizQuestion.swift in Sources */ = {isa = PBXBuildFile; fileRef = 57E2ACD52BA74E6900D7B492 /* QuizQuestion.swift */; };
		57E2ACD82BA74EF600D7B492 /* QuizStepViewModel.swift in Sources */ = {isa = PBXBuildFile; fileRef = 57E2ACD72BA74EF600D7B492 /* QuizStepViewModel.swift */; };
		57E2ACDA2BA74F4300D7B492 /* QuizResultsViewModel.swift in Sources */ = {isa = PBXBuildFile; fileRef = 57E2ACD92BA74F4300D7B492 /* QuizResultsViewModel.swift */; };
		57E2ACDC2BA7769800D7B492 /* QuestionFactoryProtocol.swift in Sources */ = {isa = PBXBuildFile; fileRef = 57E2ACDB2BA7769800D7B492 /* QuestionFactoryProtocol.swift */; };
		57E2ACDE2BA7B88A00D7B492 /* QuestionFactoryDelegate.swift in Sources */ = {isa = PBXBuildFile; fileRef = 57E2ACDD2BA7B88A00D7B492 /* QuestionFactoryDelegate.swift */; };
		AD1ABAB22831907B00B3E448 /* AppDelegate.swift in Sources */ = {isa = PBXBuildFile; fileRef = AD1ABAB12831907B00B3E448 /* AppDelegate.swift */; };
		AD1ABAB42831907B00B3E448 /* SceneDelegate.swift in Sources */ = {isa = PBXBuildFile; fileRef = AD1ABAB32831907B00B3E448 /* SceneDelegate.swift */; };
		AD1ABAB62831907B00B3E448 /* MovieQuizViewController.swift in Sources */ = {isa = PBXBuildFile; fileRef = AD1ABAB52831907B00B3E448 /* MovieQuizViewController.swift */; };
		AD1ABAB92831907B00B3E448 /* Main.storyboard in Resources */ = {isa = PBXBuildFile; fileRef = AD1ABAB72831907B00B3E448 /* Main.storyboard */; };
		AD1ABABB2831907F00B3E448 /* Assets.xcassets in Resources */ = {isa = PBXBuildFile; fileRef = AD1ABABA2831907F00B3E448 /* Assets.xcassets */; };
		AD1ABABE2831907F00B3E448 /* LaunchScreen.storyboard in Resources */ = {isa = PBXBuildFile; fileRef = AD1ABABC2831907F00B3E448 /* LaunchScreen.storyboard */; };
		AD5EE5DE284D7887003966EF /* UIColor+Extensions.swift in Sources */ = {isa = PBXBuildFile; fileRef = AD5EE5DD284D7887003966EF /* UIColor+Extensions.swift */; };
		AD77F5742857F8810062FB14 /* Date+Extensions.swift in Sources */ = {isa = PBXBuildFile; fileRef = AD77F5732857F8810062FB14 /* Date+Extensions.swift */; };
		AD7AFA552836189F00399704 /* Array+Extensions.swift in Sources */ = {isa = PBXBuildFile; fileRef = AD7AFA542836189F00399704 /* Array+Extensions.swift */; };
/* End PBXBuildFile section */

/* Begin PBXContainerItemProxy section */
		573FD2862BCC2CBE004D8B0A /* PBXContainerItemProxy */ = {
			isa = PBXContainerItemProxy;
			containerPortal = AD1ABAA62831907B00B3E448 /* Project object */;
			proxyType = 1;
			remoteGlobalIDString = AD1ABAAD2831907B00B3E448;
			remoteInfo = MovieQuiz;
		};
		57B5B2AC2BC8B0E50096C77D /* PBXContainerItemProxy */ = {
			isa = PBXContainerItemProxy;
			containerPortal = AD1ABAA62831907B00B3E448 /* Project object */;
			proxyType = 1;
			remoteGlobalIDString = AD1ABAAD2831907B00B3E448;
			remoteInfo = MovieQuiz;
		};
/* End PBXContainerItemProxy section */

/* Begin PBXFileReference section */
		570DFD382BC9C3D6004F1809 /* ArrayTests.swift */ = {isa = PBXFileReference; lastKnownFileType = sourcecode.swift; path = ArrayTests.swift; sourceTree = "<group>"; };
		570DFD3A2BC9C8B6004F1809 /* MoviesLoaderTests.swift */ = {isa = PBXFileReference; lastKnownFileType = sourcecode.swift; path = MoviesLoaderTests.swift; sourceTree = "<group>"; };
		570DFD3D2BC9CC5E004F1809 /* StubNetworkClient.swift */ = {isa = PBXFileReference; lastKnownFileType = sourcecode.swift; path = StubNetworkClient.swift; sourceTree = "<group>"; };
		571C88022B91269800B28BBA /* YS Display-Medium.ttf */ = {isa = PBXFileReference; lastKnownFileType = file; path = "YS Display-Medium.ttf"; sourceTree = "<group>"; };
		571C88032B91269800B28BBA /* YS Display-Bold.ttf */ = {isa = PBXFileReference; lastKnownFileType = file; path = "YS Display-Bold.ttf"; sourceTree = "<group>"; };
		572C93012BB0CF7C00990925 /* AlertModel.swift */ = {isa = PBXFileReference; lastKnownFileType = sourcecode.swift; path = AlertModel.swift; sourceTree = "<group>"; };
		572C93032BB0CFB900990925 /* AlertPresenter.swift */ = {isa = PBXFileReference; lastKnownFileType = sourcecode.swift; path = AlertPresenter.swift; sourceTree = "<group>"; };
		572C93052BB0D04B00990925 /* AlertPresenterDelegate.swift */ = {isa = PBXFileReference; lastKnownFileType = sourcecode.swift; path = AlertPresenterDelegate.swift; sourceTree = "<group>"; };
		573FD2802BCC2CBE004D8B0A /* MovieQuizUITests.xctest */ = {isa = PBXFileReference; explicitFileType = wrapper.cfbundle; includeInIndex = 0; path = MovieQuizUITests.xctest; sourceTree = BUILT_PRODUCTS_DIR; };
		573FD2822BCC2CBE004D8B0A /* MovieQuizUITests.swift */ = {isa = PBXFileReference; lastKnownFileType = sourcecode.swift; path = MovieQuizUITests.swift; sourceTree = "<group>"; };
		573FD2842BCC2CBE004D8B0A /* MovieQuizUITestsLaunchTests.swift */ = {isa = PBXFileReference; lastKnownFileType = sourcecode.swift; path = MovieQuizUITestsLaunchTests.swift; sourceTree = "<group>"; };
		5746BCBC2BD1CBE7001DA0C6 /* MovieQuizViewControllerMock.swift */ = {isa = PBXFileReference; lastKnownFileType = sourcecode.swift; path = MovieQuizViewControllerMock.swift; sourceTree = "<group>"; };
		5746BCBE2BD1CBF9001DA0C6 /* MovieQuizPresenterTests.swift */ = {isa = PBXFileReference; lastKnownFileType = sourcecode.swift; path = MovieQuizPresenterTests.swift; sourceTree = "<group>"; };
		5746BCC02BD1CC16001DA0C6 /* MovieQuizViewControllerProtocol.swift */ = {isa = PBXFileReference; lastKnownFileType = sourcecode.swift; path = MovieQuizViewControllerProtocol.swift; sourceTree = "<group>"; };
		57484F8A2BB9D0BD0084F70C /* StatisticService.swift */ = {isa = PBXFileReference; lastKnownFileType = sourcecode.swift; path = StatisticService.swift; sourceTree = "<group>"; };
		57484F8C2BB9D1AB0084F70C /* GameRecord.swift */ = {isa = PBXFileReference; lastKnownFileType = sourcecode.swift; path = GameRecord.swift; sourceTree = "<group>"; };
		57484F8E2BB9D50D0084F70C /* StatisticServiceImplementation.swift */ = {isa = PBXFileReference; lastKnownFileType = sourcecode.swift; path = StatisticServiceImplementation.swift; sourceTree = "<group>"; };
		5758A72B2BCDB57900A9BC59 /* MovieQuizPresenter.swift */ = {isa = PBXFileReference; lastKnownFileType = sourcecode.swift; path = MovieQuizPresenter.swift; sourceTree = "<group>"; };
		579BA9B92BC32DD6004770D3 /* NetworkClient.swift */ = {isa = PBXFileReference; lastKnownFileType = sourcecode.swift; path = NetworkClient.swift; sourceTree = "<group>"; };
		579BA9BB2BC33C66004770D3 /* MostPopularMovies.swift */ = {isa = PBXFileReference; lastKnownFileType = sourcecode.swift; path = MostPopularMovies.swift; sourceTree = "<group>"; };
		579BA9BD2BC33F11004770D3 /* MoviesLoader.swift */ = {isa = PBXFileReference; lastKnownFileType = sourcecode.swift; path = MoviesLoader.swift; sourceTree = "<group>"; };
		57B5B2A82BC8B0E50096C77D /* MovieQuizTests.xctest */ = {isa = PBXFileReference; explicitFileType = wrapper.cfbundle; includeInIndex = 0; path = MovieQuizTests.xctest; sourceTree = BUILT_PRODUCTS_DIR; };
		57B5B2AA2BC8B0E50096C77D /* MovieQuizTests.swift */ = {isa = PBXFileReference; lastKnownFileType = sourcecode.swift; path = MovieQuizTests.swift; sourceTree = "<group>"; };
		57E2ACD22BA7464200D7B492 /* QuestionFactory.swift */ = {isa = PBXFileReference; lastKnownFileType = sourcecode.swift; path = QuestionFactory.swift; sourceTree = "<group>"; };
		57E2ACD52BA74E6900D7B492 /* QuizQuestion.swift */ = {isa = PBXFileReference; lastKnownFileType = sourcecode.swift; path = QuizQuestion.swift; sourceTree = "<group>"; };
		57E2ACD72BA74EF600D7B492 /* QuizStepViewModel.swift */ = {isa = PBXFileReference; lastKnownFileType = sourcecode.swift; path = QuizStepViewModel.swift; sourceTree = "<group>"; };
		57E2ACD92BA74F4300D7B492 /* QuizResultsViewModel.swift */ = {isa = PBXFileReference; lastKnownFileType = sourcecode.swift; path = QuizResultsViewModel.swift; sourceTree = "<group>"; };
		57E2ACDB2BA7769800D7B492 /* QuestionFactoryProtocol.swift */ = {isa = PBXFileReference; lastKnownFileType = sourcecode.swift; path = QuestionFactoryProtocol.swift; sourceTree = "<group>"; };
		57E2ACDD2BA7B88A00D7B492 /* QuestionFactoryDelegate.swift */ = {isa = PBXFileReference; lastKnownFileType = sourcecode.swift; path = QuestionFactoryDelegate.swift; sourceTree = "<group>"; };
		57F5BFD82BCC34B2004A4483 /* MovieQuiz.xctestplan */ = {isa = PBXFileReference; lastKnownFileType = text; path = MovieQuiz.xctestplan; sourceTree = "<group>"; };
		AD1ABAAE2831907B00B3E448 /* MovieQuiz.app */ = {isa = PBXFileReference; explicitFileType = wrapper.application; includeInIndex = 0; path = MovieQuiz.app; sourceTree = BUILT_PRODUCTS_DIR; };
		AD1ABAB12831907B00B3E448 /* AppDelegate.swift */ = {isa = PBXFileReference; lastKnownFileType = sourcecode.swift; path = AppDelegate.swift; sourceTree = "<group>"; };
		AD1ABAB32831907B00B3E448 /* SceneDelegate.swift */ = {isa = PBXFileReference; lastKnownFileType = sourcecode.swift; path = SceneDelegate.swift; sourceTree = "<group>"; };
		AD1ABAB52831907B00B3E448 /* MovieQuizViewController.swift */ = {isa = PBXFileReference; lastKnownFileType = sourcecode.swift; path = MovieQuizViewController.swift; sourceTree = "<group>"; };
		AD1ABAB82831907B00B3E448 /* Base */ = {isa = PBXFileReference; lastKnownFileType = file.storyboard; name = Base; path = Base.lproj/Main.storyboard; sourceTree = "<group>"; };
		AD1ABABA2831907F00B3E448 /* Assets.xcassets */ = {isa = PBXFileReference; lastKnownFileType = folder.assetcatalog; path = Assets.xcassets; sourceTree = "<group>"; };
		AD1ABABD2831907F00B3E448 /* Base */ = {isa = PBXFileReference; lastKnownFileType = file.storyboard; name = Base; path = Base.lproj/LaunchScreen.storyboard; sourceTree = "<group>"; };
		AD1ABABF2831907F00B3E448 /* Info.plist */ = {isa = PBXFileReference; lastKnownFileType = text.plist.xml; path = Info.plist; sourceTree = "<group>"; };
		AD5EE5DD284D7887003966EF /* UIColor+Extensions.swift */ = {isa = PBXFileReference; fileEncoding = 4; lastKnownFileType = sourcecode.swift; path = "UIColor+Extensions.swift"; sourceTree = "<group>"; };
		AD77F5732857F8810062FB14 /* Date+Extensions.swift */ = {isa = PBXFileReference; lastKnownFileType = sourcecode.swift; path = "Date+Extensions.swift"; sourceTree = "<group>"; };
		AD7AFA542836189F00399704 /* Array+Extensions.swift */ = {isa = PBXFileReference; lastKnownFileType = sourcecode.swift; path = "Array+Extensions.swift"; sourceTree = "<group>"; };
/* End PBXFileReference section */

/* Begin PBXFrameworksBuildPhase section */
		573FD27D2BCC2CBE004D8B0A /* Frameworks */ = {
			isa = PBXFrameworksBuildPhase;
			buildActionMask = 2147483647;
			files = (
			);
			runOnlyForDeploymentPostprocessing = 0;
		};
		57B5B2A52BC8B0E50096C77D /* Frameworks */ = {
			isa = PBXFrameworksBuildPhase;
			buildActionMask = 2147483647;
			files = (
			);
			runOnlyForDeploymentPostprocessing = 0;
		};
		AD1ABAAB2831907B00B3E448 /* Frameworks */ = {
			isa = PBXFrameworksBuildPhase;
			buildActionMask = 2147483647;
			files = (
			);
			runOnlyForDeploymentPostprocessing = 0;
		};
/* End PBXFrameworksBuildPhase section */

/* Begin PBXGroup section */
		570DFD3C2BC9CC3E004F1809 /* TestUtilities */ = {
			isa = PBXGroup;
			children = (
				570DFD3D2BC9CC5E004F1809 /* StubNetworkClient.swift */,
				5746BCBC2BD1CBE7001DA0C6 /* MovieQuizViewControllerMock.swift */,
			);
			path = TestUtilities;
			sourceTree = "<group>";
		};
		573FD2812BCC2CBE004D8B0A /* MovieQuizUITests */ = {
			isa = PBXGroup;
			children = (
				573FD2822BCC2CBE004D8B0A /* MovieQuizUITests.swift */,
				573FD2842BCC2CBE004D8B0A /* MovieQuizUITestsLaunchTests.swift */,
			);
			path = MovieQuizUITests;
			sourceTree = "<group>";
		};
		57B5B2A92BC8B0E50096C77D /* MovieQuizTests */ = {
			isa = PBXGroup;
			children = (
				570DFD3C2BC9CC3E004F1809 /* TestUtilities */,
				57B5B2AA2BC8B0E50096C77D /* MovieQuizTests.swift */,
				570DFD382BC9C3D6004F1809 /* ArrayTests.swift */,
				570DFD3A2BC9C8B6004F1809 /* MoviesLoaderTests.swift */,
				5746BCBE2BD1CBF9001DA0C6 /* MovieQuizPresenterTests.swift */,
			);
			path = MovieQuizTests;
			sourceTree = "<group>";
		};
		57E2ACD12BA7460400D7B492 /* Services */ = {
			isa = PBXGroup;
			children = (
				57E2ACD22BA7464200D7B492 /* QuestionFactory.swift */,
				57E2ACDB2BA7769800D7B492 /* QuestionFactoryProtocol.swift */,
				57E2ACDD2BA7B88A00D7B492 /* QuestionFactoryDelegate.swift */,
				572C93052BB0D04B00990925 /* AlertPresenterDelegate.swift */,
				57484F8A2BB9D0BD0084F70C /* StatisticService.swift */,
				579BA9B92BC32DD6004770D3 /* NetworkClient.swift */,
				579BA9BD2BC33F11004770D3 /* MoviesLoader.swift */,
				5746BCC02BD1CC16001DA0C6 /* MovieQuizViewControllerProtocol.swift */,
			);
			path = Services;
			sourceTree = "<group>";
		};
		57E2ACD42BA74E5B00D7B492 /* Models */ = {
			isa = PBXGroup;
			children = (
				57E2ACD52BA74E6900D7B492 /* QuizQuestion.swift */,
				57E2ACD72BA74EF600D7B492 /* QuizStepViewModel.swift */,
				57E2ACD92BA74F4300D7B492 /* QuizResultsViewModel.swift */,
				572C93012BB0CF7C00990925 /* AlertModel.swift */,
				57484F8C2BB9D1AB0084F70C /* GameRecord.swift */,
				579BA9BB2BC33C66004770D3 /* MostPopularMovies.swift */,
			);
			path = Models;
			sourceTree = "<group>";
		};
		8F4738322848DE2A005DF65E /* Presentation */ = {
			isa = PBXGroup;
			children = (
				AD1ABAB52831907B00B3E448 /* MovieQuizViewController.swift */,
				AD1ABAB72831907B00B3E448 /* Main.storyboard */,
				572C93032BB0CFB900990925 /* AlertPresenter.swift */,
				57484F8E2BB9D50D0084F70C /* StatisticServiceImplementation.swift */,
				5758A72B2BCDB57900A9BC59 /* MovieQuizPresenter.swift */,
			);
			path = Presentation;
			sourceTree = "<group>";
		};
		8F4738332848DE46005DF65E /* Resources */ = {
			isa = PBXGroup;
			children = (
				AD1ABABC2831907F00B3E448 /* LaunchScreen.storyboard */,
				AD1ABABA2831907F00B3E448 /* Assets.xcassets */,
				AD1ABABF2831907F00B3E448 /* Info.plist */,
				571C88032B91269800B28BBA /* YS Display-Bold.ttf */,
				571C88022B91269800B28BBA /* YS Display-Medium.ttf */,
			);
			path = Resources;
			sourceTree = "<group>";
		};
		AD1ABAA52831907B00B3E448 = {
			isa = PBXGroup;
			children = (
				57F5BFD82BCC34B2004A4483 /* MovieQuiz.xctestplan */,
				AD1ABAB02831907B00B3E448 /* MovieQuiz */,
				57B5B2A92BC8B0E50096C77D /* MovieQuizTests */,
				573FD2812BCC2CBE004D8B0A /* MovieQuizUITests */,
				AD1ABAAF2831907B00B3E448 /* Products */,
			);
			sourceTree = "<group>";
		};
		AD1ABAAF2831907B00B3E448 /* Products */ = {
			isa = PBXGroup;
			children = (
				AD1ABAAE2831907B00B3E448 /* MovieQuiz.app */,
				57B5B2A82BC8B0E50096C77D /* MovieQuizTests.xctest */,
				573FD2802BCC2CBE004D8B0A /* MovieQuizUITests.xctest */,
			);
			name = Products;
			sourceTree = "<group>";
		};
		AD1ABAB02831907B00B3E448 /* MovieQuiz */ = {
			isa = PBXGroup;
			children = (
				57E2ACD42BA74E5B00D7B492 /* Models */,
				57E2ACD12BA7460400D7B492 /* Services */,
				AD1ABAB12831907B00B3E448 /* AppDelegate.swift */,
				AD1ABAB32831907B00B3E448 /* SceneDelegate.swift */,
				ADF0CF75283FDAA10075F54D /* Helpers */,
				8F4738322848DE2A005DF65E /* Presentation */,
				8F4738332848DE46005DF65E /* Resources */,
			);
			path = MovieQuiz;
			sourceTree = "<group>";
		};
		ADF0CF75283FDAA10075F54D /* Helpers */ = {
			isa = PBXGroup;
			children = (
				AD5EE5DD284D7887003966EF /* UIColor+Extensions.swift */,
				AD7AFA542836189F00399704 /* Array+Extensions.swift */,
				AD77F5732857F8810062FB14 /* Date+Extensions.swift */,
			);
			path = Helpers;
			sourceTree = "<group>";
		};
/* End PBXGroup section */

/* Begin PBXNativeTarget section */
		573FD27F2BCC2CBE004D8B0A /* MovieQuizUITests */ = {
			isa = PBXNativeTarget;
			buildConfigurationList = 573FD2882BCC2CBE004D8B0A /* Build configuration list for PBXNativeTarget "MovieQuizUITests" */;
			buildPhases = (
				573FD27C2BCC2CBE004D8B0A /* Sources */,
				573FD27D2BCC2CBE004D8B0A /* Frameworks */,
				573FD27E2BCC2CBE004D8B0A /* Resources */,
			);
			buildRules = (
			);
			dependencies = (
				573FD2872BCC2CBE004D8B0A /* PBXTargetDependency */,
			);
			name = MovieQuizUITests;
			productName = MovieQuizUITests;
			productReference = 573FD2802BCC2CBE004D8B0A /* MovieQuizUITests.xctest */;
			productType = "com.apple.product-type.bundle.ui-testing";
		};
		57B5B2A72BC8B0E50096C77D /* MovieQuizTests */ = {
			isa = PBXNativeTarget;
			buildConfigurationList = 57B5B2B02BC8B0E50096C77D /* Build configuration list for PBXNativeTarget "MovieQuizTests" */;
			buildPhases = (
				57B5B2A42BC8B0E50096C77D /* Sources */,
				57B5B2A52BC8B0E50096C77D /* Frameworks */,
				57B5B2A62BC8B0E50096C77D /* Resources */,
			);
			buildRules = (
			);
			dependencies = (
				57B5B2AD2BC8B0E50096C77D /* PBXTargetDependency */,
			);
			name = MovieQuizTests;
			productName = MovieQuizTests;
			productReference = 57B5B2A82BC8B0E50096C77D /* MovieQuizTests.xctest */;
			productType = "com.apple.product-type.bundle.unit-test";
		};
		AD1ABAAD2831907B00B3E448 /* MovieQuiz */ = {
			isa = PBXNativeTarget;
			buildConfigurationList = AD1ABAC22831907F00B3E448 /* Build configuration list for PBXNativeTarget "MovieQuiz" */;
			buildPhases = (
				AD1ABAAA2831907B00B3E448 /* Sources */,
				AD1ABAAB2831907B00B3E448 /* Frameworks */,
				AD1ABAAC2831907B00B3E448 /* Resources */,
			);
			buildRules = (
			);
			dependencies = (
			);
			name = MovieQuiz;
			productName = MovieQuiz;
			productReference = AD1ABAAE2831907B00B3E448 /* MovieQuiz.app */;
			productType = "com.apple.product-type.application";
		};
/* End PBXNativeTarget section */

/* Begin PBXProject section */
		AD1ABAA62831907B00B3E448 /* Project object */ = {
			isa = PBXProject;
			attributes = {
				BuildIndependentTargetsInParallel = 1;
				LastSwiftUpdateCheck = 1530;
				LastUpgradeCheck = 1520;
				ORGANIZATIONNAME = "";
				TargetAttributes = {
					573FD27F2BCC2CBE004D8B0A = {
						CreatedOnToolsVersion = 15.3;
						TestTargetID = AD1ABAAD2831907B00B3E448;
					};
					57B5B2A72BC8B0E50096C77D = {
						CreatedOnToolsVersion = 15.3;
						TestTargetID = AD1ABAAD2831907B00B3E448;
					};
					AD1ABAAD2831907B00B3E448 = {
						CreatedOnToolsVersion = 13.3.1;
					};
				};
			};
			buildConfigurationList = AD1ABAA92831907B00B3E448 /* Build configuration list for PBXProject "MovieQuiz" */;
			compatibilityVersion = "Xcode 13.0";
			developmentRegion = en;
			hasScannedForEncodings = 0;
			knownRegions = (
				en,
				Base,
			);
			mainGroup = AD1ABAA52831907B00B3E448;
			productRefGroup = AD1ABAAF2831907B00B3E448 /* Products */;
			projectDirPath = "";
			projectRoot = "";
			targets = (
				AD1ABAAD2831907B00B3E448 /* MovieQuiz */,
				57B5B2A72BC8B0E50096C77D /* MovieQuizTests */,
				573FD27F2BCC2CBE004D8B0A /* MovieQuizUITests */,
			);
		};
/* End PBXProject section */

/* Begin PBXResourcesBuildPhase section */
		573FD27E2BCC2CBE004D8B0A /* Resources */ = {
			isa = PBXResourcesBuildPhase;
			buildActionMask = 2147483647;
			files = (
			);
			runOnlyForDeploymentPostprocessing = 0;
		};
		57B5B2A62BC8B0E50096C77D /* Resources */ = {
			isa = PBXResourcesBuildPhase;
			buildActionMask = 2147483647;
			files = (
			);
			runOnlyForDeploymentPostprocessing = 0;
		};
		AD1ABAAC2831907B00B3E448 /* Resources */ = {
			isa = PBXResourcesBuildPhase;
			buildActionMask = 2147483647;
			files = (
				AD1ABABE2831907F00B3E448 /* LaunchScreen.storyboard in Resources */,
				571C88042B91269800B28BBA /* YS Display-Medium.ttf in Resources */,
				571C88052B91269800B28BBA /* YS Display-Bold.ttf in Resources */,
				AD1ABABB2831907F00B3E448 /* Assets.xcassets in Resources */,
				AD1ABAB92831907B00B3E448 /* Main.storyboard in Resources */,
			);
			runOnlyForDeploymentPostprocessing = 0;
		};
/* End PBXResourcesBuildPhase section */

/* Begin PBXSourcesBuildPhase section */
		573FD27C2BCC2CBE004D8B0A /* Sources */ = {
			isa = PBXSourcesBuildPhase;
			buildActionMask = 2147483647;
			files = (
				573FD2852BCC2CBE004D8B0A /* MovieQuizUITestsLaunchTests.swift in Sources */,
				573FD2832BCC2CBE004D8B0A /* MovieQuizUITests.swift in Sources */,
			);
			runOnlyForDeploymentPostprocessing = 0;
		};
		57B5B2A42BC8B0E50096C77D /* Sources */ = {
			isa = PBXSourcesBuildPhase;
			buildActionMask = 2147483647;
			files = (
				5746BCBF2BD1CBF9001DA0C6 /* MovieQuizPresenterTests.swift in Sources */,
				57B5B2AB2BC8B0E50096C77D /* MovieQuizTests.swift in Sources */,
				570DFD3B2BC9C8B6004F1809 /* MoviesLoaderTests.swift in Sources */,
				570DFD392BC9C3D6004F1809 /* ArrayTests.swift in Sources */,
			);
			runOnlyForDeploymentPostprocessing = 0;
		};
		AD1ABAAA2831907B00B3E448 /* Sources */ = {
			isa = PBXSourcesBuildPhase;
			buildActionMask = 2147483647;
			files = (
				579BA9BA2BC32DD6004770D3 /* NetworkClient.swift in Sources */,
				AD5EE5DE284D7887003966EF /* UIColor+Extensions.swift in Sources */,
				572C93042BB0CFB900990925 /* AlertPresenter.swift in Sources */,
				579BA9BC2BC33C66004770D3 /* MostPopularMovies.swift in Sources */,
				572C93022BB0CF7C00990925 /* AlertModel.swift in Sources */,
				AD7AFA552836189F00399704 /* Array+Extensions.swift in Sources */,
				572C93062BB0D04B00990925 /* AlertPresenterDelegate.swift in Sources */,
				57E2ACDC2BA7769800D7B492 /* QuestionFactoryProtocol.swift in Sources */,
				57E2ACDE2BA7B88A00D7B492 /* QuestionFactoryDelegate.swift in Sources */,
				57E2ACDA2BA74F4300D7B492 /* QuizResultsViewModel.swift in Sources */,
				5746BCBD2BD1CBE7001DA0C6 /* MovieQuizViewControllerMock.swift in Sources */,
				57E2ACD82BA74EF600D7B492 /* QuizStepViewModel.swift in Sources */,
				570DFD3F2BC9CC79004F1809 /* StubNetworkClient.swift in Sources */,
				5758A72C2BCDB57900A9BC59 /* MovieQuizPresenter.swift in Sources */,
				AD1ABAB62831907B00B3E448 /* MovieQuizViewController.swift in Sources */,
				57484F8B2BB9D0BD0084F70C /* StatisticService.swift in Sources */,
				57484F8D2BB9D1AB0084F70C /* GameRecord.swift in Sources */,
				57E2ACD32BA7464200D7B492 /* QuestionFactory.swift in Sources */,
				AD77F5742857F8810062FB14 /* Date+Extensions.swift in Sources */,
				57484F8F2BB9D50D0084F70C /* StatisticServiceImplementation.swift in Sources */,
				AD1ABAB22831907B00B3E448 /* AppDelegate.swift in Sources */,
				5746BCC12BD1CC16001DA0C6 /* MovieQuizViewControllerProtocol.swift in Sources */,
				57E2ACD62BA74E6900D7B492 /* QuizQuestion.swift in Sources */,
				AD1ABAB42831907B00B3E448 /* SceneDelegate.swift in Sources */,
				579BA9BE2BC33F11004770D3 /* MoviesLoader.swift in Sources */,
			);
			runOnlyForDeploymentPostprocessing = 0;
		};
/* End PBXSourcesBuildPhase section */

/* Begin PBXTargetDependency section */
		573FD2872BCC2CBE004D8B0A /* PBXTargetDependency */ = {
			isa = PBXTargetDependency;
			target = AD1ABAAD2831907B00B3E448 /* MovieQuiz */;
			targetProxy = 573FD2862BCC2CBE004D8B0A /* PBXContainerItemProxy */;
		};
		57B5B2AD2BC8B0E50096C77D /* PBXTargetDependency */ = {
			isa = PBXTargetDependency;
			target = AD1ABAAD2831907B00B3E448 /* MovieQuiz */;
			targetProxy = 57B5B2AC2BC8B0E50096C77D /* PBXContainerItemProxy */;
		};
/* End PBXTargetDependency section */

/* Begin PBXVariantGroup section */
		AD1ABAB72831907B00B3E448 /* Main.storyboard */ = {
			isa = PBXVariantGroup;
			children = (
				AD1ABAB82831907B00B3E448 /* Base */,
			);
			name = Main.storyboard;
			sourceTree = "<group>";
		};
		AD1ABABC2831907F00B3E448 /* LaunchScreen.storyboard */ = {
			isa = PBXVariantGroup;
			children = (
				AD1ABABD2831907F00B3E448 /* Base */,
			);
			name = LaunchScreen.storyboard;
			sourceTree = "<group>";
		};
/* End PBXVariantGroup section */

/* Begin XCBuildConfiguration section */
		573FD2892BCC2CBE004D8B0A /* Debug */ = {
			isa = XCBuildConfiguration;
			buildSettings = {
				CLANG_CXX_LANGUAGE_STANDARD = "gnu++20";
				CODE_SIGN_STYLE = Automatic;
				CURRENT_PROJECT_VERSION = 1;
				DEVELOPMENT_TEAM = 4VN277S2VR;
				GCC_C_LANGUAGE_STANDARD = gnu17;
				GENERATE_INFOPLIST_FILE = YES;
				IPHONEOS_DEPLOYMENT_TARGET = 13.0;
				LOCALIZATION_PREFERS_STRING_CATALOGS = YES;
				MARKETING_VERSION = 1.0;
				PRODUCT_BUNDLE_IDENTIFIER = com.the314.MovieQuizUITests;
				PRODUCT_NAME = "$(TARGET_NAME)";
				SWIFT_ACTIVE_COMPILATION_CONDITIONS = "DEBUG $(inherited)";
				SWIFT_EMIT_LOC_STRINGS = NO;
				SWIFT_VERSION = 5.0;
				TARGETED_DEVICE_FAMILY = "1,2";
				TEST_TARGET_NAME = MovieQuiz;
			};
			name = Debug;
		};
		573FD28A2BCC2CBE004D8B0A /* Release */ = {
			isa = XCBuildConfiguration;
			buildSettings = {
				CLANG_CXX_LANGUAGE_STANDARD = "gnu++20";
				CODE_SIGN_STYLE = Automatic;
				CURRENT_PROJECT_VERSION = 1;
				DEVELOPMENT_TEAM = 4VN277S2VR;
				GCC_C_LANGUAGE_STANDARD = gnu17;
				GENERATE_INFOPLIST_FILE = YES;
				IPHONEOS_DEPLOYMENT_TARGET = 13.0;
				LOCALIZATION_PREFERS_STRING_CATALOGS = YES;
				MARKETING_VERSION = 1.0;
				PRODUCT_BUNDLE_IDENTIFIER = com.the314.MovieQuizUITests;
				PRODUCT_NAME = "$(TARGET_NAME)";
				SWIFT_EMIT_LOC_STRINGS = NO;
				SWIFT_VERSION = 5.0;
				TARGETED_DEVICE_FAMILY = "1,2";
				TEST_TARGET_NAME = MovieQuiz;
			};
			name = Release;
		};
		57B5B2AE2BC8B0E50096C77D /* Debug */ = {
			isa = XCBuildConfiguration;
			buildSettings = {
				BUNDLE_LOADER = "$(TEST_HOST)";
				CLANG_CXX_LANGUAGE_STANDARD = "gnu++20";
				CODE_SIGN_STYLE = Automatic;
				CURRENT_PROJECT_VERSION = 1;
				DEVELOPMENT_TEAM = 4VN277S2VR;
				GCC_C_LANGUAGE_STANDARD = gnu17;
				GENERATE_INFOPLIST_FILE = YES;
				IPHONEOS_DEPLOYMENT_TARGET = 13.0;
				LOCALIZATION_PREFERS_STRING_CATALOGS = YES;
				MARKETING_VERSION = 1.0;
				PRODUCT_BUNDLE_IDENTIFIER = com.the314.MovieQuizTests;
				PRODUCT_NAME = "$(TARGET_NAME)";
				SWIFT_ACTIVE_COMPILATION_CONDITIONS = "DEBUG $(inherited)";
				SWIFT_EMIT_LOC_STRINGS = NO;
				SWIFT_VERSION = 5.0;
				TARGETED_DEVICE_FAMILY = "1,2";
				TEST_HOST = "$(BUILT_PRODUCTS_DIR)/MovieQuiz.app/$(BUNDLE_EXECUTABLE_FOLDER_PATH)/MovieQuiz";
			};
			name = Debug;
		};
		57B5B2AF2BC8B0E50096C77D /* Release */ = {
			isa = XCBuildConfiguration;
			buildSettings = {
				BUNDLE_LOADER = "$(TEST_HOST)";
				CLANG_CXX_LANGUAGE_STANDARD = "gnu++20";
				CODE_SIGN_STYLE = Automatic;
				CURRENT_PROJECT_VERSION = 1;
				DEVELOPMENT_TEAM = 4VN277S2VR;
				GCC_C_LANGUAGE_STANDARD = gnu17;
				GENERATE_INFOPLIST_FILE = YES;
				IPHONEOS_DEPLOYMENT_TARGET = 13.0;
				LOCALIZATION_PREFERS_STRING_CATALOGS = YES;
				MARKETING_VERSION = 1.0;
				PRODUCT_BUNDLE_IDENTIFIER = com.the314.MovieQuizTests;
				PRODUCT_NAME = "$(TARGET_NAME)";
				SWIFT_EMIT_LOC_STRINGS = NO;
				SWIFT_VERSION = 5.0;
				TARGETED_DEVICE_FAMILY = "1,2";
				TEST_HOST = "$(BUILT_PRODUCTS_DIR)/MovieQuiz.app/$(BUNDLE_EXECUTABLE_FOLDER_PATH)/MovieQuiz";
			};
			name = Release;
		};
		AD1ABAC02831907F00B3E448 /* Debug */ = {
			isa = XCBuildConfiguration;
			buildSettings = {
				ALWAYS_SEARCH_USER_PATHS = NO;
				ASSETCATALOG_COMPILER_GENERATE_SWIFT_ASSET_SYMBOL_EXTENSIONS = YES;
				CLANG_ANALYZER_NONNULL = YES;
				CLANG_ANALYZER_NUMBER_OBJECT_CONVERSION = YES_AGGRESSIVE;
				CLANG_CXX_LANGUAGE_STANDARD = "gnu++17";
				CLANG_ENABLE_MODULES = YES;
				CLANG_ENABLE_OBJC_ARC = YES;
				CLANG_ENABLE_OBJC_WEAK = YES;
				CLANG_WARN_BLOCK_CAPTURE_AUTORELEASING = YES;
				CLANG_WARN_BOOL_CONVERSION = YES;
				CLANG_WARN_COMMA = YES;
				CLANG_WARN_CONSTANT_CONVERSION = YES;
				CLANG_WARN_DEPRECATED_OBJC_IMPLEMENTATIONS = YES;
				CLANG_WARN_DIRECT_OBJC_ISA_USAGE = YES_ERROR;
				CLANG_WARN_DOCUMENTATION_COMMENTS = YES;
				CLANG_WARN_EMPTY_BODY = YES;
				CLANG_WARN_ENUM_CONVERSION = YES;
				CLANG_WARN_INFINITE_RECURSION = YES;
				CLANG_WARN_INT_CONVERSION = YES;
				CLANG_WARN_NON_LITERAL_NULL_CONVERSION = YES;
				CLANG_WARN_OBJC_IMPLICIT_RETAIN_SELF = YES;
				CLANG_WARN_OBJC_LITERAL_CONVERSION = YES;
				CLANG_WARN_OBJC_ROOT_CLASS = YES_ERROR;
				CLANG_WARN_QUOTED_INCLUDE_IN_FRAMEWORK_HEADER = YES;
				CLANG_WARN_RANGE_LOOP_ANALYSIS = YES;
				CLANG_WARN_STRICT_PROTOTYPES = YES;
				CLANG_WARN_SUSPICIOUS_MOVE = YES;
				CLANG_WARN_UNGUARDED_AVAILABILITY = YES_AGGRESSIVE;
				CLANG_WARN_UNREACHABLE_CODE = YES;
				CLANG_WARN__DUPLICATE_METHOD_MATCH = YES;
				COPY_PHASE_STRIP = NO;
				DEBUG_INFORMATION_FORMAT = dwarf;
				ENABLE_STRICT_OBJC_MSGSEND = YES;
				ENABLE_TESTABILITY = YES;
				ENABLE_USER_SCRIPT_SANDBOXING = YES;
				GCC_C_LANGUAGE_STANDARD = gnu11;
				GCC_DYNAMIC_NO_PIC = NO;
				GCC_NO_COMMON_BLOCKS = YES;
				GCC_OPTIMIZATION_LEVEL = 0;
				GCC_PREPROCESSOR_DEFINITIONS = (
					"DEBUG=1",
					"$(inherited)",
				);
				GCC_WARN_64_TO_32_BIT_CONVERSION = YES;
				GCC_WARN_ABOUT_RETURN_TYPE = YES_ERROR;
				GCC_WARN_UNDECLARED_SELECTOR = YES;
				GCC_WARN_UNINITIALIZED_AUTOS = YES_AGGRESSIVE;
				GCC_WARN_UNUSED_FUNCTION = YES;
				GCC_WARN_UNUSED_VARIABLE = YES;
				IPHONEOS_DEPLOYMENT_TARGET = 13.0;
				MTL_ENABLE_DEBUG_INFO = INCLUDE_SOURCE;
				MTL_FAST_MATH = YES;
				ONLY_ACTIVE_ARCH = YES;
				SDKROOT = iphoneos;
				SWIFT_ACTIVE_COMPILATION_CONDITIONS = DEBUG;
				SWIFT_OPTIMIZATION_LEVEL = "-Onone";
			};
			name = Debug;
		};
		AD1ABAC12831907F00B3E448 /* Release */ = {
			isa = XCBuildConfiguration;
			buildSettings = {
				ALWAYS_SEARCH_USER_PATHS = NO;
				ASSETCATALOG_COMPILER_GENERATE_SWIFT_ASSET_SYMBOL_EXTENSIONS = YES;
				CLANG_ANALYZER_NONNULL = YES;
				CLANG_ANALYZER_NUMBER_OBJECT_CONVERSION = YES_AGGRESSIVE;
				CLANG_CXX_LANGUAGE_STANDARD = "gnu++17";
				CLANG_ENABLE_MODULES = YES;
				CLANG_ENABLE_OBJC_ARC = YES;
				CLANG_ENABLE_OBJC_WEAK = YES;
				CLANG_WARN_BLOCK_CAPTURE_AUTORELEASING = YES;
				CLANG_WARN_BOOL_CONVERSION = YES;
				CLANG_WARN_COMMA = YES;
				CLANG_WARN_CONSTANT_CONVERSION = YES;
				CLANG_WARN_DEPRECATED_OBJC_IMPLEMENTATIONS = YES;
				CLANG_WARN_DIRECT_OBJC_ISA_USAGE = YES_ERROR;
				CLANG_WARN_DOCUMENTATION_COMMENTS = YES;
				CLANG_WARN_EMPTY_BODY = YES;
				CLANG_WARN_ENUM_CONVERSION = YES;
				CLANG_WARN_INFINITE_RECURSION = YES;
				CLANG_WARN_INT_CONVERSION = YES;
				CLANG_WARN_NON_LITERAL_NULL_CONVERSION = YES;
				CLANG_WARN_OBJC_IMPLICIT_RETAIN_SELF = YES;
				CLANG_WARN_OBJC_LITERAL_CONVERSION = YES;
				CLANG_WARN_OBJC_ROOT_CLASS = YES_ERROR;
				CLANG_WARN_QUOTED_INCLUDE_IN_FRAMEWORK_HEADER = YES;
				CLANG_WARN_RANGE_LOOP_ANALYSIS = YES;
				CLANG_WARN_STRICT_PROTOTYPES = YES;
				CLANG_WARN_SUSPICIOUS_MOVE = YES;
				CLANG_WARN_UNGUARDED_AVAILABILITY = YES_AGGRESSIVE;
				CLANG_WARN_UNREACHABLE_CODE = YES;
				CLANG_WARN__DUPLICATE_METHOD_MATCH = YES;
				COPY_PHASE_STRIP = NO;
				DEBUG_INFORMATION_FORMAT = "dwarf-with-dsym";
				ENABLE_NS_ASSERTIONS = NO;
				ENABLE_STRICT_OBJC_MSGSEND = YES;
				ENABLE_USER_SCRIPT_SANDBOXING = YES;
				GCC_C_LANGUAGE_STANDARD = gnu11;
				GCC_NO_COMMON_BLOCKS = YES;
				GCC_WARN_64_TO_32_BIT_CONVERSION = YES;
				GCC_WARN_ABOUT_RETURN_TYPE = YES_ERROR;
				GCC_WARN_UNDECLARED_SELECTOR = YES;
				GCC_WARN_UNINITIALIZED_AUTOS = YES_AGGRESSIVE;
				GCC_WARN_UNUSED_FUNCTION = YES;
				GCC_WARN_UNUSED_VARIABLE = YES;
				IPHONEOS_DEPLOYMENT_TARGET = 13.0;
				MTL_ENABLE_DEBUG_INFO = NO;
				MTL_FAST_MATH = YES;
				SDKROOT = iphoneos;
				SWIFT_COMPILATION_MODE = wholemodule;
				SWIFT_OPTIMIZATION_LEVEL = "-O";
				VALIDATE_PRODUCT = YES;
			};
			name = Release;
		};
		AD1ABAC32831907F00B3E448 /* Debug */ = {
			isa = XCBuildConfiguration;
			buildSettings = {
				ASSETCATALOG_COMPILER_APPICON_NAME = AppIcon;
				CODE_SIGN_STYLE = Automatic;
				CURRENT_PROJECT_VERSION = 1;
				DEVELOPMENT_TEAM = 4VN277S2VR;
				GENERATE_INFOPLIST_FILE = YES;
				INFOPLIST_FILE = MovieQuiz/Resources/Info.plist;
				INFOPLIST_KEY_UIApplicationSupportsIndirectInputEvents = YES;
				INFOPLIST_KEY_UILaunchStoryboardName = LaunchScreen;
				INFOPLIST_KEY_UIMainStoryboardFile = Main;
				INFOPLIST_KEY_UIStatusBarHidden = YES;
				INFOPLIST_KEY_UISupportedInterfaceOrientations = UIInterfaceOrientationPortrait;
				INFOPLIST_KEY_UISupportedInterfaceOrientations_iPad = "UIInterfaceOrientationLandscapeLeft UIInterfaceOrientationLandscapeRight UIInterfaceOrientationPortrait UIInterfaceOrientationPortraitUpsideDown";
				IPHONEOS_DEPLOYMENT_TARGET = 13.0;
				LD_RUNPATH_SEARCH_PATHS = (
					"$(inherited)",
					"@executable_path/Frameworks",
				);
				MARKETING_VERSION = 1.0;
				PRODUCT_BUNDLE_IDENTIFIER = com.the314.MovieQuiz;
				PRODUCT_NAME = "$(TARGET_NAME)";
				SWIFT_EMIT_LOC_STRINGS = YES;
				SWIFT_VERSION = 5.0;
				TARGETED_DEVICE_FAMILY = 1;
			};
			name = Debug;
		};
		AD1ABAC42831907F00B3E448 /* Release */ = {
			isa = XCBuildConfiguration;
			buildSettings = {
				ASSETCATALOG_COMPILER_APPICON_NAME = AppIcon;
				CODE_SIGN_STYLE = Automatic;
				CURRENT_PROJECT_VERSION = 1;
				DEVELOPMENT_TEAM = 4VN277S2VR;
				GENERATE_INFOPLIST_FILE = YES;
				INFOPLIST_FILE = MovieQuiz/Resources/Info.plist;
				INFOPLIST_KEY_UIApplicationSupportsIndirectInputEvents = YES;
				INFOPLIST_KEY_UILaunchStoryboardName = LaunchScreen;
				INFOPLIST_KEY_UIMainStoryboardFile = Main;
				INFOPLIST_KEY_UIStatusBarHidden = YES;
				INFOPLIST_KEY_UISupportedInterfaceOrientations = UIInterfaceOrientationPortrait;
				INFOPLIST_KEY_UISupportedInterfaceOrientations_iPad = "UIInterfaceOrientationLandscapeLeft UIInterfaceOrientationLandscapeRight UIInterfaceOrientationPortrait UIInterfaceOrientationPortraitUpsideDown";
				IPHONEOS_DEPLOYMENT_TARGET = 13.0;
				LD_RUNPATH_SEARCH_PATHS = (
					"$(inherited)",
					"@executable_path/Frameworks",
				);
				MARKETING_VERSION = 1.0;
				PRODUCT_BUNDLE_IDENTIFIER = com.the314.MovieQuiz;
				PRODUCT_NAME = "$(TARGET_NAME)";
				SWIFT_EMIT_LOC_STRINGS = YES;
				SWIFT_VERSION = 5.0;
				TARGETED_DEVICE_FAMILY = 1;
			};
			name = Release;
		};
/* End XCBuildConfiguration section */

/* Begin XCConfigurationList section */
		573FD2882BCC2CBE004D8B0A /* Build configuration list for PBXNativeTarget "MovieQuizUITests" */ = {
			isa = XCConfigurationList;
			buildConfigurations = (
				573FD2892BCC2CBE004D8B0A /* Debug */,
				573FD28A2BCC2CBE004D8B0A /* Release */,
			);
			defaultConfigurationIsVisible = 0;
			defaultConfigurationName = Release;
		};
		57B5B2B02BC8B0E50096C77D /* Build configuration list for PBXNativeTarget "MovieQuizTests" */ = {
			isa = XCConfigurationList;
			buildConfigurations = (
				57B5B2AE2BC8B0E50096C77D /* Debug */,
				57B5B2AF2BC8B0E50096C77D /* Release */,
			);
			defaultConfigurationIsVisible = 0;
			defaultConfigurationName = Release;
		};
		AD1ABAA92831907B00B3E448 /* Build configuration list for PBXProject "MovieQuiz" */ = {
			isa = XCConfigurationList;
			buildConfigurations = (
				AD1ABAC02831907F00B3E448 /* Debug */,
				AD1ABAC12831907F00B3E448 /* Release */,
			);
			defaultConfigurationIsVisible = 0;
			defaultConfigurationName = Release;
		};
		AD1ABAC22831907F00B3E448 /* Build configuration list for PBXNativeTarget "MovieQuiz" */ = {
			isa = XCConfigurationList;
			buildConfigurations = (
				AD1ABAC32831907F00B3E448 /* Debug */,
				AD1ABAC42831907F00B3E448 /* Release */,
			);
			defaultConfigurationIsVisible = 0;
			defaultConfigurationName = Release;
		};
/* End XCConfigurationList section */
	};
	rootObject = AD1ABAA62831907B00B3E448 /* Project object */;
}
